
Microsoft Visual Studio Solution File, Format Version 12.00
# Visual Studio Version 17
VisualStudioVersion = 17.11.35312.102
MinimumVisualStudioVersion = 10.0.40219.1
Project("{FAE04EC0-301F-11D3-BF4B-00C04F79EFBC}") = "blad2", "blad2\blad2.csproj", "{2C45DEAA-EC9A-4105-A002-1CF62AD4E56C}"
EndProject
Global
	GlobalSection(SolutionConfigurationPlatforms) = preSolution
		Debug|Any CPU = Debug|Any CPU
		Release|Any CPU = Release|Any CPU
	EndGlobalSection
	GlobalSection(ProjectConfigurationPlatforms) = postSolution
		{2C45DEAA-EC9A-4105-A002-1CF62AD4E56C}.Debug|Any CPU.ActiveCfg = Debug|Any CPU
		{2C45DEAA-EC9A-4105-A002-1CF62AD4E56C}.Debug|Any CPU.Build.0 = Debug|Any CPU
		{2C45DEAA-EC9A-4105-A002-1CF62AD4E56C}.Release|Any CPU.ActiveCfg = Release|Any CPU
		{2C45DEAA-EC9A-4105-A002-1CF62AD4E56C}.Release|Any CPU.Build.0 = Release|Any CPU
	EndGlobalSection
	GlobalSection(SolutionProperties) = preSolution
		HideSolutionNode = FALSE
	EndGlobalSection
	GlobalSection(ExtensibilityGlobals) = postSolution
		SolutionGuid = {6860CF92-34F1-434A-B43E-74B12AB9CB30}
	EndGlobalSection
EndGlobal
